Microsoft Visual Studio Solution File, Format Version 12.00
# Visual Studio Version 17
VisualStudioVersion = 17.7.34009.444
MinimumVisualStudioVersion = 10.0.40219.1
Project("{9A19103F-16F7-4668-BE54-9A1E7A4F7556}") = "BitN", "BitN\BitN.csproj", "{F569835D-8CE3-49AF-979B-A494426EB4FB}"
EndProject
Project("{FAE04EC0-301F-11D3-BF4B-00C04F79EFBC}") = "BitN.SourceGen", "BitN.SourceGen\BitN.SourceGen.csproj", "{35970355-C198-42C0-B05E-25A0C62778AB}"
EndProject
Global
	GlobalSection(SolutionConfigurationPlatforms) = preSolution
		Debug|Any CPU = Debug|Any CPU
		Release|Any CPU = Release|Any CPU
	EndGlobalSection
	GlobalSection(ProjectConfigurationPlatforms) = postSolution
		{F569835D-8CE3-49AF-979B-A494426EB4FB}.Debug|Any CPU.ActiveCfg = Debug|Any CPU
		{F569835D-8CE3-49AF-979B-A494426EB4FB}.Debug|Any CPU.Build.0 = Debug|Any CPU
		{F569835D-8CE3-49AF-979B-A494426EB4FB}.Release|Any CPU.ActiveCfg = Release|Any CPU
		{F569835D-8CE3-49AF-979B-A494426EB4FB}.Release|Any CPU.Build.0 = Release|Any CPU
		{35970355-C198-42C0-B05E-25A0C62778AB}.Debug|Any CPU.ActiveCfg = Debug|Any CPU
		{35970355-C198-42C0-B05E-25A0C62778AB}.Debug|Any CPU.Build.0 = Debug|Any CPU
		{35970355-C198-42C0-B05E-25A0C62778AB}.Release|Any CPU.ActiveCfg = Release|Any CPU
		{35970355-C198-42C0-B05E-25A0C62778AB}.Release|Any CPU.Build.0 = Release|Any CPU
	EndGlobalSection
	GlobalSection(SolutionProperties) = preSolution
		HideSolutionNode = FALSE
	EndGlobalSection
	GlobalSection(ExtensibilityGlobals) = postSolution
		SolutionGuid = {D035583B-D1D2-4CBF-9292-63C8284B13EF}
	EndGlobalSection
EndGlobal
